// !$*UTF8*$!
{
	archiveVersion = 1;
	classes = {
	};
	objectVersion = 55;
	objects = {

/* Begin PBXBuildFile section */
		90FA9A13281F59D7004BC2C9 /* TestimonialsGridSectionApp.swift in Sources */ = {isa = PBXBuildFile; fileRef = 90FA9A03281F59D6004BC2C9 /* TestimonialsGridSectionApp.swift */; };
		90FA9A14281F59D7004BC2C9 /* TestimonialsGridSectionApp.swift in Sources */ = {isa = PBXBuildFile; fileRef = 90FA9A03281F59D6004BC2C9 /* TestimonialsGridSectionApp.swift */; };
		90FA9A15281F59D7004BC2C9 /* ContentView.swift in Sources */ = {isa = PBXBuildFile; fileRef = 90FA9A04281F59D6004BC2C9 /* ContentView.swift */; };
		90FA9A16281F59D7004BC2C9 /* ContentView.swift in Sources */ = {isa = PBXBuildFile; fileRef = 90FA9A04281F59D6004BC2C9 /* ContentView.swift */; };
		90FA9A17281F59D7004BC2C9 /* Assets.xcassets in Resources */ = {isa = PBXBuildFile; fileRef = 90FA9A05281F59D7004BC2C9 /* Assets.xcassets */; };
		90FA9A18281F59D7004BC2C9 /* Assets.xcassets in Resources */ = {isa = PBXBuildFile; fileRef = 90FA9A05281F59D7004BC2C9 /* Assets.xcassets */; };
		90FA9A25281F5C08004BC2C9 /* BackgroundView.swift in Sources */ = {isa = PBXBuildFile; fileRef = 90FA9A24281F5C08004BC2C9 /* BackgroundView.swift */; };
		90FA9A27281F5C4B004BC2C9 /* Testimonial.swift in Sources */ = {isa = PBXBuildFile; fileRef = 90FA9A26281F5C4B004BC2C9 /* Testimonial.swift */; };
		90FA9A29281F6324004BC2C9 /* TestimonialView.swift in Sources */ = {isa = PBXBuildFile; fileRef = 90FA9A28281F6324004BC2C9 /* TestimonialView.swift */; };
		90FA9A2B281F68D2004BC2C9 /* TestimonialPhotoView.swift in Sources */ = {isa = PBXBuildFile; fileRef = 90FA9A2A281F68D2004BC2C9 /* TestimonialPhotoView.swift */; };
		90FA9A2D281F695A004BC2C9 /* TestimonialTitleView.swift in Sources */ = {isa = PBXBuildFile; fileRef = 90FA9A2C281F695A004BC2C9 /* TestimonialTitleView.swift */; };
/* End PBXBuildFile section */

/* Begin PBXFileReference section */
		90FA9A03281F59D6004BC2C9 /* TestimonialsGridSectionApp.swift */ = {isa = PBXFileReference; lastKnownFileType = sourcecode.swift; path = TestimonialsGridSectionApp.swift; sourceTree = "<group>"; };
		90FA9A04281F59D6004BC2C9 /* ContentView.swift */ = {isa = PBXFileReference; lastKnownFileType = sourcecode.swift; path = ContentView.swift; sourceTree = "<group>"; };
		90FA9A05281F59D7004BC2C9 /* Assets.xcassets */ = {isa = PBXFileReference; lastKnownFileType = folder.assetcatalog; path = Assets.xcassets; sourceTree = "<group>"; };
		90FA9A0A281F59D7004BC2C9 /* Testimonials Grid Section.app */ = {isa = PBXFileReference; explicitFileType = wrapper.application; includeInIndex = 0; path = "Testimonials Grid Section.app"; sourceTree = BUILT_PRODUCTS_DIR; };
		90FA9A10281F59D7004BC2C9 /* Testimonials Grid Section.app */ = {isa = PBXFileReference; explicitFileType = wrapper.application; includeInIndex = 0; path = "Testimonials Grid Section.app"; sourceTree = BUILT_PRODUCTS_DIR; };
		90FA9A12281F59D7004BC2C9 /* macOS.entitlements */ = {isa = PBXFileReference; lastKnownFileType = text.plist.entitlements; path = macOS.entitlements; sourceTree = "<group>"; };
		90FA9A24281F5C08004BC2C9 /* BackgroundView.swift */ = {isa = PBXFileReference; lastKnownFileType = sourcecode.swift; path = BackgroundView.swift; sourceTree = "<group>"; };
		90FA9A26281F5C4B004BC2C9 /* Testimonial.swift */ = {isa = PBXFileReference; lastKnownFileType = sourcecode.swift; path = Testimonial.swift; sourceTree = "<group>"; };
		90FA9A28281F6324004BC2C9 /* TestimonialView.swift */ = {isa = PBXFileReference; lastKnownFileType = sourcecode.swift; path = TestimonialView.swift; sourceTree = "<group>"; };
		90FA9A2A281F68D2004BC2C9 /* TestimonialPhotoView.swift */ = {isa = PBXFileReference; lastKnownFileType = sourcecode.swift; path = TestimonialPhotoView.swift; sourceTree = "<group>"; };
		90FA9A2C281F695A004BC2C9 /* TestimonialTitleView.swift */ = {isa = PBXFileReference; lastKnownFileType = sourcecode.swift; path = TestimonialTitleView.swift; sourceTree = "<group>"; };
/* End PBXFileReference section */

/* Begin PBXFrameworksBuildPhase section */
		90FA9A07281F59D7004BC2C9 /* Frameworks */ = {
			isa = PBXFrameworksBuildPhase;
			buildActionMask = 2147483647;
			files = (
			);
			runOnlyForDeploymentPostprocessing = 0;
		};
		90FA9A0D281F59D7004BC2C9 /* Frameworks */ = {
			isa = PBXFrameworksBuildPhase;
			buildActionMask = 2147483647;
			files = (
			);
			runOnlyForDeploymentPostprocessing = 0;
		};
/* End PBXFrameworksBuildPhase section */

/* Begin PBXGroup section */
		90FA99FD281F59D6004BC2C9 = {
			isa = PBXGroup;
			children = (
				90FA9A02281F59D6004BC2C9 /* Shared */,
				90FA9A11281F59D7004BC2C9 /* macOS */,
				90FA9A0B281F59D7004BC2C9 /* Products */,
			);
			sourceTree = "<group>";
		};
		90FA9A02281F59D6004BC2C9 /* Shared */ = {
			isa = PBXGroup;
			children = (
				90FA9A23281F59F7004BC2C9 /* Models */,
				90FA9A22281F59F1004BC2C9 /* Views */,
				90FA9A21281F59E9004BC2C9 /* App */,
			);
			path = Shared;
			sourceTree = "<group>";
		};
		90FA9A0B281F59D7004BC2C9 /* Products */ = {
			isa = PBXGroup;
			children = (
				90FA9A0A281F59D7004BC2C9 /* Testimonials Grid Section.app */,
				90FA9A10281F59D7004BC2C9 /* Testimonials Grid Section.app */,
			);
			name = Products;
			sourceTree = "<group>";
		};
		90FA9A11281F59D7004BC2C9 /* macOS */ = {
			isa = PBXGroup;
			children = (
				90FA9A12281F59D7004BC2C9 /* macOS.entitlements */,
			);
			path = macOS;
			sourceTree = "<group>";
		};
		90FA9A21281F59E9004BC2C9 /* App */ = {
			isa = PBXGroup;
			children = (
				90FA9A05281F59D7004BC2C9 /* Assets.xcassets */,
				90FA9A03281F59D6004BC2C9 /* TestimonialsGridSectionApp.swift */,
			);
			path = App;
			sourceTree = "<group>";
		};
		90FA9A22281F59F1004BC2C9 /* Views */ = {
			isa = PBXGroup;
			children = (
				90FA9A04281F59D6004BC2C9 /* ContentView.swift */,
				90FA9A24281F5C08004BC2C9 /* BackgroundView.swift */,
				90FA9A28281F6324004BC2C9 /* TestimonialView.swift */,
				90FA9A2A281F68D2004BC2C9 /* TestimonialPhotoView.swift */,
				90FA9A2C281F695A004BC2C9 /* TestimonialTitleView.swift */,
			);
			path = Views;
			sourceTree = "<group>";
		};
		90FA9A23281F59F7004BC2C9 /* Models */ = {
			isa = PBXGroup;
			children = (
				90FA9A26281F5C4B004BC2C9 /* Testimonial.swift */,
			);
			path = Models;
			sourceTree = "<group>";
		};
/* End PBXGroup section */

/* Begin PBXNativeTarget section */
		90FA9A09281F59D7004BC2C9 /* Testimonials Grid Section (iOS) */ = {
			isa = PBXNativeTarget;
			buildConfigurationList = 90FA9A1B281F59D7004BC2C9 /* Build configuration list for PBXNativeTarget "Testimonials Grid Section (iOS)" */;
			buildPhases = (
				90FA9A06281F59D7004BC2C9 /* Sources */,
				90FA9A07281F59D7004BC2C9 /* Frameworks */,
				90FA9A08281F59D7004BC2C9 /* Resources */,
			);
			buildRules = (
			);
			dependencies = (
			);
			name = "Testimonials Grid Section (iOS)";
			productName = "TestimonialsGridSection (iOS)";
			productReference = 90FA9A0A281F59D7004BC2C9 /* Testimonials Grid Section.app */;
			productType = "com.apple.product-type.application";
		};
		90FA9A0F281F59D7004BC2C9 /* Testimonials Grid Section (macOS) */ = {
			isa = PBXNativeTarget;
			buildConfigurationList = 90FA9A1E281F59D7004BC2C9 /* Build configuration list for PBXNativeTarget "Testimonials Grid Section (macOS)" */;
			buildPhases = (
				90FA9A0C281F59D7004BC2C9 /* Sources */,
				90FA9A0D281F59D7004BC2C9 /* Frameworks */,
				90FA9A0E281F59D7004BC2C9 /* Resources */,
			);
			buildRules = (
			);
			dependencies = (
			);
			name = "Testimonials Grid Section (macOS)";
			productName = "TestimonialsGridSection (macOS)";
			productReference = 90FA9A10281F59D7004BC2C9 /* Testimonials Grid Section.app */;
			productType = "com.apple.product-type.application";
		};
/* End PBXNativeTarget section */

/* Begin PBXProject section */
		90FA99FE281F59D6004BC2C9 /* Project object */ = {
			isa = PBXProject;
			attributes = {
				BuildIndependentTargetsInParallel = 1;
				LastSwiftUpdateCheck = 1330;
				LastUpgradeCheck = 1330;
				TargetAttributes = {
					90FA9A09281F59D7004BC2C9 = {
						CreatedOnToolsVersion = 13.3.1;
					};
					90FA9A0F281F59D7004BC2C9 = {
						CreatedOnToolsVersion = 13.3.1;
					};
				};
			};
			buildConfigurationList = 90FA9A01281F59D6004BC2C9 /* Build configuration list for PBXProject "Testimonials Grid Section" */;
			compatibilityVersion = "Xcode 13.0";
			developmentRegion = en;
			hasScannedForEncodings = 0;
			knownRegions = (
				en,
				Base,
			);
			mainGroup = 90FA99FD281F59D6004BC2C9;
			productRefGroup = 90FA9A0B281F59D7004BC2C9 /* Products */;
			projectDirPath = "";
			projectRoot = "";
			targets = (
				90FA9A09281F59D7004BC2C9 /* Testimonials Grid Section (iOS) */,
				90FA9A0F281F59D7004BC2C9 /* Testimonials Grid Section (macOS) */,
			);
		};
/* End PBXProject section */

/* Begin PBXResourcesBuildPhase section */
		90FA9A08281F59D7004BC2C9 /* Resources */ = {
			isa = PBXResourcesBuildPhase;
			buildActionMask = 2147483647;
			files = (
				90FA9A17281F59D7004BC2C9 /* Assets.xcassets in Resources */,
			);
			runOnlyForDeploymentPostprocessing = 0;
		};
		90FA9A0E281F59D7004BC2C9 /* Resources */ = {
			isa = PBXResourcesBuildPhase;
			buildActionMask = 2147483647;
			files = (
				90FA9A18281F59D7004BC2C9 /* Assets.xcassets in Resources */,
			);
			runOnlyForDeploymentPostprocessing = 0;
		};
/* End PBXResourcesBuildPhase section */

/* Begin PBXSourcesBuildPhase section */
		90FA9A06281F59D7004BC2C9 /* Sources */ = {
			isa = PBXSourcesBuildPhase;
			buildActionMask = 2147483647;
			files = (
				90FA9A25281F5C08004BC2C9 /* BackgroundView.swift in Sources */,
				90FA9A27281F5C4B004BC2C9 /* Testimonial.swift in Sources */,
				90FA9A29281F6324004BC2C9 /* TestimonialView.swift in Sources */,
				90FA9A2D281F695A004BC2C9 /* TestimonialTitleView.swift in Sources */,
				90FA9A2B281F68D2004BC2C9 /* TestimonialPhotoView.swift in Sources */,
				90FA9A15281F59D7004BC2C9 /* ContentView.swift in Sources */,
				90FA9A13281F59D7004BC2C9 /* TestimonialsGridSectionApp.swift in Sources */,
			);
			runOnlyForDeploymentPostprocessing = 0;
		};
		90FA9A0C281F59D7004BC2C9 /* Sources */ = {
			isa = PBXSourcesBuildPhase;
			buildActionMask = 2147483647;
			files = (
				90FA9A16281F59D7004BC2C9 /* ContentView.swift in Sources */,
				90FA9A14281F59D7004BC2C9 /* TestimonialsGridSectionApp.swift in Sources */,
			);
			runOnlyForDeploymentPostprocessing = 0;
		};
/* End PBXSourcesBuildPhase section */

/* Begin XCBuildConfiguration section */
		90FA9A19281F59D7004BC2C9 /* Debug */ = {
			isa = XCBuildConfiguration;
			buildSettings = {
				ALWAYS_SEARCH_USER_PATHS = NO;
				CLANG_ANALYZER_NONNULL = YES;
				CLANG_ANALYZER_NUMBER_OBJECT_CONVERSION = YES_AGGRESSIVE;
				CLANG_CXX_LANGUAGE_STANDARD = "gnu++17";
				CLANG_ENABLE_MODULES = YES;
				CLANG_ENABLE_OBJC_ARC = YES;
				CLANG_ENABLE_OBJC_WEAK = YES;
				CLANG_WARN_BLOCK_CAPTURE_AUTORELEASING = YES;
				CLANG_WARN_BOOL_CONVERSION = YES;
				CLANG_WARN_COMMA = YES;
				CLANG_WARN_CONSTANT_CONVERSION = YES;
				CLANG_WARN_DEPRECATED_OBJC_IMPLEMENTATIONS = YES;
				CLANG_WARN_DIRECT_OBJC_ISA_USAGE = YES_ERROR;
				CLANG_WARN_DOCUMENTATION_COMMENTS = YES;
				CLANG_WARN_EMPTY_BODY = YES;
				CLANG_WARN_ENUM_CONVERSION = YES;
				CLANG_WARN_INFINITE_RECURSION = YES;
				CLANG_WARN_INT_CONVERSION = YES;
				CLANG_WARN_NON_LITERAL_NULL_CONVERSION = YES;
				CLANG_WARN_OBJC_IMPLICIT_RETAIN_SELF = YES;
				CLANG_WARN_OBJC_LITERAL_CONVERSION = YES;
				CLANG_WARN_OBJC_ROOT_CLASS = YES_ERROR;
				CLANG_WARN_QUOTED_INCLUDE_IN_FRAMEWORK_HEADER = YES;
				CLANG_WARN_RANGE_LOOP_ANALYSIS = YES;
				CLANG_WARN_STRICT_PROTOTYPES = YES;
				CLANG_WARN_SUSPICIOUS_MOVE = YES;
				CLANG_WARN_UNGUARDED_AVAILABILITY = YES_AGGRESSIVE;
				CLANG_WARN_UNREACHABLE_CODE = YES;
				CLANG_WARN__DUPLICATE_METHOD_MATCH = YES;
				COPY_PHASE_STRIP = NO;
				DEBUG_INFORMATION_FORMAT = dwarf;
				ENABLE_STRICT_OBJC_MSGSEND = YES;
				ENABLE_TESTABILITY = YES;
				GCC_C_LANGUAGE_STANDARD = gnu11;
				GCC_DYNAMIC_NO_PIC = NO;
				GCC_NO_COMMON_BLOCKS = YES;
				GCC_OPTIMIZATION_LEVEL = 0;
				GCC_PREPROCESSOR_DEFINITIONS = (
					"DEBUG=1",
					"$(inherited)",
				);
				GCC_WARN_64_TO_32_BIT_CONVERSION = YES;
				GCC_WARN_ABOUT_RETURN_TYPE = YES_ERROR;
				GCC_WARN_UNDECLARED_SELECTOR = YES;
				GCC_WARN_UNINITIALIZED_AUTOS = YES_AGGRESSIVE;
				GCC_WARN_UNUSED_FUNCTION = YES;
				GCC_WARN_UNUSED_VARIABLE = YES;
				IPHONEOS_DEPLOYMENT_TARGET = 15.4;
				MACOSX_DEPLOYMENT_TARGET = 12.3;
				MTL_ENABLE_DEBUG_INFO = INCLUDE_SOURCE;
				MTL_FAST_MATH = YES;
				ONLY_ACTIVE_ARCH = YES;
				SWIFT_ACTIVE_COMPILATION_CONDITIONS = DEBUG;
				SWIFT_OPTIMIZATION_LEVEL = "-Onone";
			};
			name = Debug;
		};
		90FA9A1A281F59D7004BC2C9 /* Release */ = {
			isa = XCBuildConfiguration;
			buildSettings = {
				ALWAYS_SEARCH_USER_PATHS = NO;
				CLANG_ANALYZER_NONNULL = YES;
				CLANG_ANALYZER_NUMBER_OBJECT_CONVERSION = YES_AGGRESSIVE;
				CLANG_CXX_LANGUAGE_STANDARD = "gnu++17";
				CLANG_ENABLE_MODULES = YES;
				CLANG_ENABLE_OBJC_ARC = YES;
				CLANG_ENABLE_OBJC_WEAK = YES;
				CLANG_WARN_BLOCK_CAPTURE_AUTORELEASING = YES;
				CLANG_WARN_BOOL_CONVERSION = YES;
				CLANG_WARN_COMMA = YES;
				CLANG_WARN_CONSTANT_CONVERSION = YES;
				CLANG_WARN_DEPRECATED_OBJC_IMPLEMENTATIONS = YES;
				CLANG_WARN_DIRECT_OBJC_ISA_USAGE = YES_ERROR;
				CLANG_WARN_DOCUMENTATION_COMMENTS = YES;
				CLANG_WARN_EMPTY_BODY = YES;
				CLANG_WARN_ENUM_CONVERSION = YES;
				CLANG_WARN_INFINITE_RECURSION = YES;
				CLANG_WARN_INT_CONVERSION = YES;
				CLANG_WARN_NON_LITERAL_NULL_CONVERSION = YES;
				CLANG_WARN_OBJC_IMPLICIT_RETAIN_SELF = YES;
				CLANG_WARN_OBJC_LITERAL_CONVERSION = YES;
				CLANG_WARN_OBJC_ROOT_CLASS = YES_ERROR;
				CLANG_WARN_QUOTED_INCLUDE_IN_FRAMEWORK_HEADER = YES;
				CLANG_WARN_RANGE_LOOP_ANALYSIS = YES;
				CLANG_WARN_STRICT_PROTOTYPES = YES;
				CLANG_WARN_SUSPICIOUS_MOVE = YES;
				CLANG_WARN_UNGUARDED_AVAILABILITY = YES_AGGRESSIVE;
				CLANG_WARN_UNREACHABLE_CODE = YES;
				CLANG_WARN__DUPLICATE_METHOD_MATCH = YES;
				COPY_PHASE_STRIP = NO;
				DEBUG_INFORMATION_FORMAT = "dwarf-with-dsym";
				ENABLE_NS_ASSERTIONS = NO;
				ENABLE_STRICT_OBJC_MSGSEND = YES;
				GCC_C_LANGUAGE_STANDARD = gnu11;
				GCC_NO_COMMON_BLOCKS = YES;
				GCC_WARN_64_TO_32_BIT_CONVERSION = YES;
				GCC_WARN_ABOUT_RETURN_TYPE = YES_ERROR;
				GCC_WARN_UNDECLARED_SELECTOR = YES;
				GCC_WARN_UNINITIALIZED_AUTOS = YES_AGGRESSIVE;
				GCC_WARN_UNUSED_FUNCTION = YES;
				GCC_WARN_UNUSED_VARIABLE = YES;
				IPHONEOS_DEPLOYMENT_TARGET = 15.4;
				MACOSX_DEPLOYMENT_TARGET = 12.3;
				MTL_ENABLE_DEBUG_INFO = NO;
				MTL_FAST_MATH = YES;
				SWIFT_COMPILATION_MODE = wholemodule;
				SWIFT_OPTIMIZATION_LEVEL = "-O";
			};
			name = Release;
		};
		90FA9A1C281F59D7004BC2C9 /* Debug */ = {
			isa = XCBuildConfiguration;
			buildSettings = {
				ASSETCATALOG_COMPILER_APPICON_NAME = AppIcon;
				ASSETCATALOG_COMPILER_GLOBAL_ACCENT_COLOR_NAME = AccentColor;
				CODE_SIGN_STYLE = Automatic;
				CURRENT_PROJECT_VERSION = 1;
				DEVELOPMENT_TEAM = 862P2X6G9G;
				ENABLE_PREVIEWS = YES;
				GENERATE_INFOPLIST_FILE = YES;
				INFOPLIST_KEY_UIApplicationSceneManifest_Generation = YES;
				INFOPLIST_KEY_UIApplicationSupportsIndirectInputEvents = YES;
				INFOPLIST_KEY_UILaunchScreen_Generation = YES;
				INFOPLIST_KEY_UISupportedInterfaceOrientations_iPad = "UIInterfaceOrientationPortrait UIInterfaceOrientationPortraitUpsideDown UIInterfaceOrientationLandscapeLeft UIInterfaceOrientationLandscapeRight";
				INFOPLIST_KEY_UISupportedInterfaceOrientations_iPhone = "UIInterfaceOrientationPortrait UIInterfaceOrientationLandscapeLeft UIInterfaceOrientationLandscapeRight";
				IPHONEOS_DEPLOYMENT_TARGET = 15.4;
				LD_RUNPATH_SEARCH_PATHS = (
					"$(inherited)",
					"@executable_path/Frameworks",
				);
				MARKETING_VERSION = 1.0;
				PRODUCT_BUNDLE_IDENTIFIER = me.jinwook.kim.TestimonialsGridSection;
				PRODUCT_NAME = "Testimonials Grid Section";
				SDKROOT = iphoneos;
				SWIFT_EMIT_LOC_STRINGS = YES;
				SWIFT_VERSION = 5.0;
				TARGETED_DEVICE_FAMILY = "1,2";
			};
			name = Debug;
		};
		90FA9A1D281F59D7004BC2C9 /* Release */ = {
			isa = XCBuildConfiguration;
			buildSettings = {
				ASSETCATALOG_COMPILER_APPICON_NAME = AppIcon;
				ASSETCATALOG_COMPILER_GLOBAL_ACCENT_COLOR_NAME = AccentColor;
				CODE_SIGN_STYLE = Automatic;
				CURRENT_PROJECT_VERSION = 1;
				DEVELOPMENT_TEAM = 862P2X6G9G;
				ENABLE_PREVIEWS = YES;
				GENERATE_INFOPLIST_FILE = YES;
				INFOPLIST_KEY_UIApplicationSceneManifest_Generation = YES;
				INFOPLIST_KEY_UIApplicationSupportsIndirectInputEvents = YES;
				INFOPLIST_KEY_UILaunchScreen_Generation = YES;
				INFOPLIST_KEY_UISupportedInterfaceOrientations_iPad = "UIInterfaceOrientationPortrait UIInterfaceOrientationPortraitUpsideDown UIInterfaceOrientationLandscapeLeft UIInterfaceOrientationLandscapeRight";
				INFOPLIST_KEY_UISupportedInterfaceOrientations_iPhone = "UIInterfaceOrientationPortrait UIInterfaceOrientationLandscapeLeft UIInterfaceOrientationLandscapeRight";
				IPHONEOS_DEPLOYMENT_TARGET = 15.4;
				LD_RUNPATH_SEARCH_PATHS = (
					"$(inherited)",
					"@executable_path/Frameworks",
				);
				MARKETING_VERSION = 1.0;
				PRODUCT_BUNDLE_IDENTIFIER = me.jinwook.kim.TestimonialsGridSection;
				PRODUCT_NAME = "Testimonials Grid Section";
				SDKROOT = iphoneos;
				SWIFT_EMIT_LOC_STRINGS = YES;
				SWIFT_VERSION = 5.0;
				TARGETED_DEVICE_FAMILY = "1,2";
				VALIDATE_PRODUCT = YES;
			};
			name = Release;
		};
		90FA9A1F281F59D7004BC2C9 /* Debug */ = {
			isa = XCBuildConfiguration;
			buildSettings = {
				ASSETCATALOG_COMPILER_APPICON_NAME = AppIcon;
				ASSETCATALOG_COMPILER_GLOBAL_ACCENT_COLOR_NAME = AccentColor;
				CODE_SIGN_ENTITLEMENTS = macOS/macOS.entitlements;
				CODE_SIGN_STYLE = Automatic;
				COMBINE_HIDPI_IMAGES = YES;
				CURRENT_PROJECT_VERSION = 1;
				DEVELOPMENT_TEAM = 862P2X6G9G;
				ENABLE_HARDENED_RUNTIME = YES;
				ENABLE_PREVIEWS = YES;
				GENERATE_INFOPLIST_FILE = YES;
				INFOPLIST_KEY_NSHumanReadableCopyright = "";
				LD_RUNPATH_SEARCH_PATHS = (
					"$(inherited)",
					"@executable_path/../Frameworks",
				);
				MACOSX_DEPLOYMENT_TARGET = 12.3;
				MARKETING_VERSION = 1.0;
				PRODUCT_BUNDLE_IDENTIFIER = me.jinwook.kim.TestimonialsGridSection;
				PRODUCT_NAME = "Testimonials Grid Section";
				SDKROOT = macosx;
				SWIFT_EMIT_LOC_STRINGS = YES;
				SWIFT_VERSION = 5.0;
			};
			name = Debug;
		};
		90FA9A20281F59D7004BC2C9 /* Release */ = {
			isa = XCBuildConfiguration;
			buildSettings = {
				ASSETCATALOG_COMPILER_APPICON_NAME = AppIcon;
				ASSETCATALOG_COMPILER_GLOBAL_ACCENT_COLOR_NAME = AccentColor;
				CODE_SIGN_ENTITLEMENTS = macOS/macOS.entitlements;
				CODE_SIGN_STYLE = Automatic;
				COMBINE_HIDPI_IMAGES = YES;
				CURRENT_PROJECT_VERSION = 1;
				DEVELOPMENT_TEAM = 862P2X6G9G;
				ENABLE_HARDENED_RUNTIME = YES;
				ENABLE_PREVIEWS = YES;
				GENERATE_INFOPLIST_FILE = YES;
				INFOPLIST_KEY_NSHumanReadableCopyright = "";
				LD_RUNPATH_SEARCH_PATHS = (
					"$(inherited)",
					"@executable_path/../Frameworks",
				);
				MACOSX_DEPLOYMENT_TARGET = 12.3;
				MARKETING_VERSION = 1.0;
				PRODUCT_BUNDLE_IDENTIFIER = me.jinwook.kim.TestimonialsGridSection;
				PRODUCT_NAME = "Testimonials Grid Section";
				SDKROOT = macosx;
				SWIFT_EMIT_LOC_STRINGS = YES;
				SWIFT_VERSION = 5.0;
			};
			name = Release;
		};
/* End XCBuildConfiguration section */

/* Begin XCConfigurationList section */
		90FA9A01281F59D6004BC2C9 /* Build configuration list for PBXProject "Testimonials Grid Section" */ = {
			isa = XCConfigurationList;
			buildConfigurations = (
				90FA9A19281F59D7004BC2C9 /* Debug */,
				90FA9A1A281F59D7004BC2C9 /* Release */,
			);
			defaultConfigurationIsVisible = 0;
			defaultConfigurationName = Release;
		};
		90FA9A1B281F59D7004BC2C9 /* Build configuration list for PBXNativeTarget "Testimonials Grid Section (iOS)" */ = {
			isa = XCConfigurationList;
			buildConfigurations = (
				90FA9A1C281F59D7004BC2C9 /* Debug */,
				90FA9A1D281F59D7004BC2C9 /* Release */,
			);
			defaultConfigurationIsVisible = 0;
			defaultConfigurationName = Release;
		};
		90FA9A1E281F59D7004BC2C9 /* Build configuration list for PBXNativeTarget "Testimonials Grid Section (macOS)" */ = {
			isa = XCConfigurationList;
			buildConfigurations = (
				90FA9A1F281F59D7004BC2C9 /* Debug */,
				90FA9A20281F59D7004BC2C9 /* Release */,
			);
			defaultConfigurationIsVisible = 0;
			defaultConfigurationName = Release;
		};
/* End XCConfigurationList section */
	};
	rootObject = 90FA99FE281F59D6004BC2C9 /* Project object */;
}
